
Microsoft Visual Studio Solution File, Format Version 12.00
# Visual Studio 2012
Project("{8BC9CEB8-8B4A-11D0-8D11-00A0C91BC942}") = "Festival Crowd Simulator", "Festival Crowd Simulator\Festival Crowd Simulator.vcxproj", "{9C304E19-C0C6-482D-9126-D15D523BB08B}"
EndProject
Global
	GlobalSection(SolutionConfigurationPlatforms) = preSolution
		Debug|Win32 = Debug|Win32
		Release|Win32 = Release|Win32
	EndGlobalSection
	GlobalSection(ProjectConfigurationPlatforms) = postSolution
		{9C304E19-C0C6-482D-9126-D15D523BB08B}.Debug|Win32.ActiveCfg = Debug|Win32
		{9C304E19-C0C6-482D-9126-D15D523BB08B}.Debug|Win32.Build.0 = Debug|Win32
		{9C304E19-C0C6-482D-9126-D15D523BB08B}.Release|Win32.ActiveCfg = Release|Win32
		{9C304E19-C0C6-482D-9126-D15D523BB08B}.Release|Win32.Build.0 = Release|Win32
	EndGlobalSection
	GlobalSection(SolutionProperties) = preSolution
		HideSolutionNode = FALSE
	EndGlobalSection
EndGlobal
